{
  "version": 4,
  "terraform_version": "1.0.2",
  "serial": 17,
  "lineage": "9f686e4e-1e8f-1f08-8a13-73bc8ee00049",
  "outputs": {
    "compartment": {
      "value": {
        "compartment_id": "ocid1.compartment.oc1..aaaaaaaapeqy3s3kwtdazpwz7q2civnrzsawmaagdmh36oxwp6watitdvffa",
        "defined_tags": {},
        "description": "Child Compartment Created by terraform",
        "enable_delete": true,
        "freeform_tags": {},
        "id": "ocid1.compartment.oc1..aaaaaaaafq4i3y56avs3h44snsaqlrkew36is4hmxxq57jlqz4pf4jnwtgxa",
        "inactive_state": null,
        "is_accessible": true,
        "name": "TFCHILD_TestCompartment",
        "state": "ACTIVE",
        "time_created": "2021-07-23 14:29:22.755 +0000 UTC",
        "timeouts": null
      },
      "type": [
        "object",
        {
          "compartment_id": "string",
          "defined_tags": [
            "map",
            "string"
          ],
          "description": "string",
          "enable_delete": "bool",
          "freeform_tags": [
            "map",
            "string"
          ],
          "id": "string",
          "inactive_state": "string",
          "is_accessible": "bool",
          "name": "string",
          "state": "string",
          "time_created": "string",
          "timeouts": [
            "object",
            {
              "delete": "string"
            }
          ]
        }
      ]
    }
  },
  "resources": [
    {
      "mode": "data",
      "type": "oci_identity_compartments",
      "name": "PARENTCOMPARTMENT",
      "provider": "provider[\"registry.terraform.io/hashicorp/oci\"]",
      "instances": [
        {
          "schema_version": 0,
          "attributes": {
            "access_level": null,
            "compartment_id": "ocid1.tenancy.oc1..aaaaaaaaoqdygmiidrabhv3y4hkr3rb3z6dpmgotvq2scffra6jt7rubresa",
            "compartment_id_in_subtree": true,
            "compartments": [
              {
                "compartment_id": "ocid1.tenancy.oc1..aaaaaaaaoqdygmiidrabhv3y4hkr3rb3z6dpmgotvq2scffra6jt7rubresa",
                "defined_tags": {},
                "description": "Denny Alquinta Compartment",
                "enable_delete": false,
                "freeform_tags": {},
                "id": "ocid1.compartment.oc1..aaaaaaaapeqy3s3kwtdazpwz7q2civnrzsawmaagdmh36oxwp6watitdvffa",
                "inactive_state": "",
                "is_accessible": false,
                "name": "dalquint",
                "state": "ACTIVE",
                "time_created": "2021-04-19 20:23:08.518 +0000 UTC"
              }
            ],
            "filter": [
              {
                "name": "name",
                "regex": false,
                "values": [
                  "dalquint"
                ]
              }
            ],
            "id": "IdentityCompartmentsDataSource-828746385",
            "name": null,
            "state": null
          },
          "sensitive_attributes": []
        }
      ]
    },
    {
      "mode": "data",
      "type": "oci_identity_region_subscriptions",
      "name": "home_region_subscriptions",
      "provider": "provider[\"registry.terraform.io/hashicorp/oci\"]",
      "instances": [
        {
          "schema_version": 0,
          "attributes": {
            "filter": [
              {
                "name": "is_home_region",
                "regex": false,
                "values": [
                  "true"
                ]
              }
            ],
            "id": "IdentityRegionSubscriptionsDataSource-3612667345",
            "region_subscriptions": [
              {
                "is_home_region": true,
                "region_key": "IAD",
                "region_name": "us-ashburn-1",
                "state": "READY",
                "tenancy_id": ""
              }
            ],
            "tenancy_id": "ocid1.tenancy.oc1..aaaaaaaaoqdygmiidrabhv3y4hkr3rb3z6dpmgotvq2scffra6jt7rubresa"
          },
          "sensitive_attributes": []
        }
      ]
    },
    {
      "mode": "managed",
      "type": "oci_identity_compartment",
      "name": "Compartment",
      "provider": "provider[\"registry.terraform.io/hashicorp/oci\"].home",
      "instances": [
        {
          "schema_version": 0,
          "attributes": {
            "compartment_id": "ocid1.compartment.oc1..aaaaaaaapeqy3s3kwtdazpwz7q2civnrzsawmaagdmh36oxwp6watitdvffa",
            "defined_tags": {},
            "description": "Child Compartment Created by terraform",
            "enable_delete": true,
            "freeform_tags": {},
            "id": "ocid1.compartment.oc1..aaaaaaaafq4i3y56avs3h44snsaqlrkew36is4hmxxq57jlqz4pf4jnwtgxa",
            "inactive_state": null,
            "is_accessible": true,
            "name": "TFCHILD_TestCompartment",
            "state": "ACTIVE",
            "time_created": "2021-07-23 14:29:22.755 +0000 UTC",
            "timeouts": null
          },
          "sensitive_attributes": [],
          "private": "eyJlMmJmYjczMC1lY2FhLTExZTYtOGY4OC0zNDM2M2JjN2M0YzAiOnsiZGVsZXRlIjo1NDAwMDAwMDAwMDAwfX0=",
          "dependencies": [
            "data.oci_identity_compartments.PARENTCOMPARTMENT",
            "data.oci_identity_region_subscriptions.home_region_subscriptions"
          ]
        }
      ]
    },
    {
      "mode": "managed",
      "type": "oci_identity_tag",
      "name": "release",
      "provider": "provider[\"registry.terraform.io/hashicorp/oci\"].home",
      "instances": [
        {
          "schema_version": 0,
          "attributes": {
            "defined_tags": {},
            "description": "Release tag.",
            "freeform_tags": {},
            "id": "ocid1.tagdefinition.oc1..aaaaaaaaoy4lmjiqp3474l57dam4wd7sqg3h62edjgav7en5f2yhn7mgbz4a",
            "is_cost_tracking": false,
            "is_retired": false,
            "name": "release",
            "state": "ACTIVE",
            "tag_namespace_id": "ocid1.tagnamespace.oc1..aaaaaaaaydbztxnz7la2g6ny27hxlq5besnczgomgbdbl3fhihyxqseulgea",
            "time_created": "2021-07-23 14:29:33.675 +0000 UTC",
            "timeouts": null,
            "validator": []
          },
          "sensitive_attributes": [],
          "private": "eyJlMmJmYjczMC1lY2FhLTExZTYtOGY4OC0zNDM2M2JjN2M0YzAiOnsiY3JlYXRlIjo5MDAwMDAwMDAwMDAsImRlbGV0ZSI6NDMyMDAwMDAwMDAwMDAsInVwZGF0ZSI6OTAwMDAwMDAwMDAwfX0=",
          "dependencies": [
            "data.oci_identity_compartments.PARENTCOMPARTMENT",
            "data.oci_identity_region_subscriptions.home_region_subscriptions",
            "oci_identity_tag_namespace.devrel",
            "random_id.tag"
          ]
        }
      ]
    },
    {
      "mode": "managed",
      "type": "oci_identity_tag_namespace",
      "name": "devrel",
      "provider": "provider[\"registry.terraform.io/hashicorp/oci\"].home",
      "instances": [
        {
          "schema_version": 0,
          "attributes": {
            "compartment_id": "ocid1.compartment.oc1..aaaaaaaapeqy3s3kwtdazpwz7q2civnrzsawmaagdmh36oxwp6watitdvffa",
            "defined_tags": {},
            "description": "Developer Relations Tag Namespace",
            "freeform_tags": {},
            "id": "ocid1.tagnamespace.oc1..aaaaaaaaydbztxnz7la2g6ny27hxlq5besnczgomgbdbl3fhihyxqseulgea",
            "is_retired": false,
            "name": "DevRel\\terraform-oci-cloudbricks-compartment-4bb5",
            "state": "ACTIVE",
            "time_created": "2021-07-23 14:29:22.201 +0000 UTC",
            "timeouts": null
          },
          "sensitive_attributes": [],
          "private": "eyJlMmJmYjczMC1lY2FhLTExZTYtOGY4OC0zNDM2M2JjN2M0YzAiOnsiY3JlYXRlIjoxMjAwMDAwMDAwMDAwLCJkZWxldGUiOjEyMDAwMDAwMDAwMDAsInVwZGF0ZSI6MTIwMDAwMDAwMDAwMH19",
          "dependencies": [
            "data.oci_identity_compartments.PARENTCOMPARTMENT",
            "data.oci_identity_region_subscriptions.home_region_subscriptions",
            "random_id.tag"
          ]
        }
      ]
    },
    {
      "mode": "managed",
      "type": "random_id",
      "name": "tag",
      "provider": "provider[\"registry.terraform.io/hashicorp/random\"]",
      "instances": [
        {
          "schema_version": 0,
          "attributes": {
            "b64_std": "S7U=",
            "b64_url": "S7U",
            "byte_length": 2,
            "dec": "19381",
            "hex": "4bb5",
            "id": "S7U",
            "keepers": null,
            "prefix": null
          },
          "sensitive_attributes": [],
          "private": "bnVsbA=="
        }
      ]
    }
  ]
}
